{
  "name": "licensor",
  "version": "0.0.1",
  "lockfileVersion": 2,
  "requires": true,
  "packages": {
    "": {
      "name": "licensor",
      "version": "0.0.1",
      "license": "ISC",
      "dependencies": {
        "@mytiki/tiki-sdk-js": "^1.0.5"
      }
    },
    "node_modules/@mytiki/tiki-sdk-js": {
      "version": "1.0.5",
      "resolved": "https://registry.npmjs.org/@mytiki/tiki-sdk-js/-/tiki-sdk-js-1.0.5.tgz",
      "integrity": "sha512-M/aMMcSRJTzReks5NRXY/40tukFvfgYxtQH/jQ781qP+chygwPFTET5e9UevEzOsfJ7EyIbeS3Y7joPvYsSRHw=="
    }
  },
  "dependencies": {
    "@mytiki/tiki-sdk-js": {
      "version": "1.0.5",
      "resolved": "https://registry.npmjs.org/@mytiki/tiki-sdk-js/-/tiki-sdk-js-1.0.5.tgz",
      "integrity": "sha512-M/aMMcSRJTzReks5NRXY/40tukFvfgYxtQH/jQ781qP+chygwPFTET5e9UevEzOsfJ7EyIbeS3Y7joPvYsSRHw=="
    }
  }
}
